
Microsoft Visual Studio Solution File, Format Version 12.00
# Visual Studio Version 16
VisualStudioVersion = 16.0.29613.14
MinimumVisualStudioVersion = 10.0.40219.1
Project("{9A19103F-16F7-4668-BE54-9A1E7A4F7556}") = "FDAAzureApp", "FDAAzureApp.csproj", "{705A8F0E-57CA-4D7C-9D0D-76F1DCCD7356}"
EndProject
Project("{FAE04EC0-301F-11D3-BF4B-00C04F79EFBC}") = "FlightDataAnalytics", "..\FlighrDataAnalytics\FlightDataAnalytics.csproj", "{185F0FA6-8964-4357-9DFF-A0B7222C5E2C}"
EndProject
Global
	GlobalSection(SolutionConfigurationPlatforms) = preSolution
		Debug|Any CPU = Debug|Any CPU
		Release|Any CPU = Release|Any CPU
	EndGlobalSection
	GlobalSection(ProjectConfigurationPlatforms) = postSolution
		{705A8F0E-57CA-4D7C-9D0D-76F1DCCD7356}.Debug|Any CPU.ActiveCfg = Debug|Any CPU
		{705A8F0E-57CA-4D7C-9D0D-76F1DCCD7356}.Debug|Any CPU.Build.0 = Debug|Any CPU
		{705A8F0E-57CA-4D7C-9D0D-76F1DCCD7356}.Release|Any CPU.ActiveCfg = Release|Any CPU
		{705A8F0E-57CA-4D7C-9D0D-76F1DCCD7356}.Release|Any CPU.Build.0 = Release|Any CPU
		{185F0FA6-8964-4357-9DFF-A0B7222C5E2C}.Debug|Any CPU.ActiveCfg = Debug|Any CPU
		{185F0FA6-8964-4357-9DFF-A0B7222C5E2C}.Debug|Any CPU.Build.0 = Debug|Any CPU
		{185F0FA6-8964-4357-9DFF-A0B7222C5E2C}.Release|Any CPU.ActiveCfg = Release|Any CPU
		{185F0FA6-8964-4357-9DFF-A0B7222C5E2C}.Release|Any CPU.Build.0 = Release|Any CPU
	EndGlobalSection
	GlobalSection(SolutionProperties) = preSolution
		HideSolutionNode = FALSE
	EndGlobalSection
	GlobalSection(ExtensibilityGlobals) = postSolution
		SolutionGuid = {6308EBC2-53B6-4987-A5D0-1253E099B385}
	EndGlobalSection
EndGlobal
